// !$*UTF8*$!
{
	archiveVersion = 1;
	classes = {
	};
	objectVersion = 46;
	objects = {

/* Begin PBXBuildFile section */
		1B704BDD1CF7E16E003EC3D8 /* main.m in Sources */ = {isa = PBXBuildFile; fileRef = 1B704BDC1CF7E16E003EC3D8 /* main.m */; };
		1B704BE01CF7E16E003EC3D8 /* AppDelegate.m in Sources */ = {isa = PBXBuildFile; fileRef = 1B704BDF1CF7E16E003EC3D8 /* AppDelegate.m */; };
		1B704BE31CF7E16E003EC3D8 /* ViewController.m in Sources */ = {isa = PBXBuildFile; fileRef = 1B704BE21CF7E16E003EC3D8 /* ViewController.m */; };
		1B704BE61CF7E16E003EC3D8 /* Main.storyboard in Resources */ = {isa = PBXBuildFile; fileRef = 1B704BE41CF7E16E003EC3D8 /* Main.storyboard */; };
		1B704BE81CF7E16E003EC3D8 /* Assets.xcassets in Resources */ = {isa = PBXBuildFile; fileRef = 1B704BE71CF7E16E003EC3D8 /* Assets.xcassets */; };
		1B704BEB1CF7E16E003EC3D8 /* LaunchScreen.storyboard in Resources */ = {isa = PBXBuildFile; fileRef = 1B704BE91CF7E16E003EC3D8 /* LaunchScreen.storyboard */; };
		1B704BF61CF7E16E003EC3D8 /* MLeakFinderDemoTests.m in Sources */ = {isa = PBXBuildFile; fileRef = 1B704BF51CF7E16E003EC3D8 /* MLeakFinderDemoTests.m */; };
		1B704C1E1CF7E2D0003EC3D8 /* BSTimer.m in Sources */ = {isa = PBXBuildFile; fileRef = 1B704C1B1CF7E2D0003EC3D8 /* BSTimer.m */; };
		1B704C1F1CF7E2D0003EC3D8 /* BSTimerUtils.m in Sources */ = {isa = PBXBuildFile; fileRef = 1B704C1D1CF7E2D0003EC3D8 /* BSTimerUtils.m */; };
		1B704C221CF7E3B2003EC3D8 /* FirstViewController.m in Sources */ = {isa = PBXBuildFile; fileRef = 1B704C211CF7E3B2003EC3D8 /* FirstViewController.m */; };
		1B704C251CF7E598003EC3D8 /* SecondViewController.m in Sources */ = {isa = PBXBuildFile; fileRef = 1B704C241CF7E598003EC3D8 /* SecondViewController.m */; };
		1B704C281CF7E93F003EC3D8 /* YYTimer.m in Sources */ = {isa = PBXBuildFile; fileRef = 1B704C271CF7E93F003EC3D8 /* YYTimer.m */; };
		1B704C3B1CF7F3C4003EC3D8 /* NSObject+MemoryLeak.m in Sources */ = {isa = PBXBuildFile; fileRef = 1B704C2C1CF7F3C4003EC3D8 /* NSObject+MemoryLeak.m */; };
		1B704C3C1CF7F3C4003EC3D8 /* UIApplication+MemoryLeak.m in Sources */ = {isa = PBXBuildFile; fileRef = 1B704C2E1CF7F3C4003EC3D8 /* UIApplication+MemoryLeak.m */; };
		1B704C3D1CF7F3C4003EC3D8 /* UINavigationController+MemoryLeak.m in Sources */ = {isa = PBXBuildFile; fileRef = 1B704C301CF7F3C4003EC3D8 /* UINavigationController+MemoryLeak.m */; };
		1B704C3E1CF7F3C4003EC3D8 /* UIPageViewController+MemoryLeak.m in Sources */ = {isa = PBXBuildFile; fileRef = 1B704C321CF7F3C4003EC3D8 /* UIPageViewController+MemoryLeak.m */; };
		1B704C3F1CF7F3C4003EC3D8 /* UISplitViewController+MemoryLeak.m in Sources */ = {isa = PBXBuildFile; fileRef = 1B704C341CF7F3C4003EC3D8 /* UISplitViewController+MemoryLeak.m */; };
		1B704C401CF7F3C4003EC3D8 /* UITabBarController+MemoryLeak.m in Sources */ = {isa = PBXBuildFile; fileRef = 1B704C361CF7F3C4003EC3D8 /* UITabBarController+MemoryLeak.m */; };
		1B704C411CF7F3C4003EC3D8 /* UIView+MemoryLeak.m in Sources */ = {isa = PBXBuildFile; fileRef = 1B704C381CF7F3C4003EC3D8 /* UIView+MemoryLeak.m */; };
		1B704C421CF7F3C4003EC3D8 /* UIViewController+MemoryLeak.m in Sources */ = {isa = PBXBuildFile; fileRef = 1B704C3A1CF7F3C4003EC3D8 /* UIViewController+MemoryLeak.m */; };
		1B704C451CF826B4003EC3D8 /* YelloView.m in Sources */ = {isa = PBXBuildFile; fileRef = 1B704C441CF826B3003EC3D8 /* YelloView.m */; };
/* End PBXBuildFile section */

/* Begin PBXContainerItemProxy section */
		1B704BF21CF7E16E003EC3D8 /* PBXContainerItemProxy */ = {
			isa = PBXContainerItemProxy;
			containerPortal = 1B704BD01CF7E16E003EC3D8 /* Project object */;
			proxyType = 1;
			remoteGlobalIDString = 1B704BD71CF7E16E003EC3D8;
			remoteInfo = MLeakFinderDemo;
		};
/* End PBXContainerItemProxy section */

/* Begin PBXFileReference section */
		1B704BD81CF7E16E003EC3D8 /* MLeakFinderDemo.app */ = {isa = PBXFileReference; explicitFileType = wrapper.application; includeInIndex = 0; path = MLeakFinderDemo.app; sourceTree = BUILT_PRODUCTS_DIR; };
		1B704BDC1CF7E16E003EC3D8 /* main.m */ = {isa = PBXFileReference; lastKnownFileType = sourcecode.c.objc; path = main.m; sourceTree = "<group>"; };
		1B704BDE1CF7E16E003EC3D8 /* AppDelegate.h */ = {isa = PBXFileReference; lastKnownFileType = sourcecode.c.h; path = AppDelegate.h; sourceTree = "<group>"; };
		1B704BDF1CF7E16E003EC3D8 /* AppDelegate.m */ = {isa = PBXFileReference; lastKnownFileType = sourcecode.c.objc; path = AppDelegate.m; sourceTree = "<group>"; };
		1B704BE11CF7E16E003EC3D8 /* ViewController.h */ = {isa = PBXFileReference; lastKnownFileType = sourcecode.c.h; path = ViewController.h; sourceTree = "<group>"; };
		1B704BE21CF7E16E003EC3D8 /* ViewController.m */ = {isa = PBXFileReference; lastKnownFileType = sourcecode.c.objc; path = ViewController.m; sourceTree = "<group>"; };
		1B704BE51CF7E16E003EC3D8 /* Base */ = {isa = PBXFileReference; lastKnownFileType = file.storyboard; name = Base; path = Base.lproj/Main.storyboard; sourceTree = "<group>"; };
		1B704BE71CF7E16E003EC3D8 /* Assets.xcassets */ = {isa = PBXFileReference; lastKnownFileType = folder.assetcatalog; path = Assets.xcassets; sourceTree = "<group>"; };
		1B704BEA1CF7E16E003EC3D8 /* Base */ = {isa = PBXFileReference; lastKnownFileType = file.storyboard; name = Base; path = Base.lproj/LaunchScreen.storyboard; sourceTree = "<group>"; };
		1B704BEC1CF7E16E003EC3D8 /* Info.plist */ = {isa = PBXFileReference; lastKnownFileType = text.plist.xml; path = Info.plist; sourceTree = "<group>"; };
		1B704BF11CF7E16E003EC3D8 /* MLeakFinderDemoTests.xctest */ = {isa = PBXFileReference; explicitFileType = wrapper.cfbundle; includeInIndex = 0; path = MLeakFinderDemoTests.xctest; sourceTree = BUILT_PRODUCTS_DIR; };
		1B704BF51CF7E16E003EC3D8 /* MLeakFinderDemoTests.m */ = {isa = PBXFileReference; lastKnownFileType = sourcecode.c.objc; path = MLeakFinderDemoTests.m; sourceTree = "<group>"; };
		1B704BF71CF7E16E003EC3D8 /* Info.plist */ = {isa = PBXFileReference; lastKnownFileType = text.plist.xml; path = Info.plist; sourceTree = "<group>"; };
		1B704C1A1CF7E2D0003EC3D8 /* BSTimer.h */ = {isa = PBXFileReference; fileEncoding = 4; lastKnownFileType = sourcecode.c.h; path = BSTimer.h; sourceTree = "<group>"; };
		1B704C1B1CF7E2D0003EC3D8 /* BSTimer.m */ = {isa = PBXFileReference; fileEncoding = 4; lastKnownFileType = sourcecode.c.objc; path = BSTimer.m; sourceTree = "<group>"; };
		1B704C1C1CF7E2D0003EC3D8 /* BSTimerUtils.h */ = {isa = PBXFileReference; fileEncoding = 4; lastKnownFileType = sourcecode.c.h; path = BSTimerUtils.h; sourceTree = "<group>"; };
		1B704C1D1CF7E2D0003EC3D8 /* BSTimerUtils.m */ = {isa = PBXFileReference; fileEncoding = 4; lastKnownFileType = sourcecode.c.objc; path = BSTimerUtils.m; sourceTree = "<group>"; };
		1B704C201CF7E3B2003EC3D8 /* FirstViewController.h */ = {isa = PBXFileReference; fileEncoding = 4; lastKnownFileType = sourcecode.c.h; path = FirstViewController.h; sourceTree = "<group>"; };
		1B704C211CF7E3B2003EC3D8 /* FirstViewController.m */ = {isa = PBXFileReference; fileEncoding = 4; lastKnownFileType = sourcecode.c.objc; path = FirstViewController.m; sourceTree = "<group>"; };
		1B704C231CF7E598003EC3D8 /* SecondViewController.h */ = {isa = PBXFileReference; fileEncoding = 4; lastKnownFileType = sourcecode.c.h; path = SecondViewController.h; sourceTree = "<group>"; };
		1B704C241CF7E598003EC3D8 /* SecondViewController.m */ = {isa = PBXFileReference; fileEncoding = 4; lastKnownFileType = sourcecode.c.objc; path = SecondViewController.m; sourceTree = "<group>"; };
		1B704C261CF7E93F003EC3D8 /* YYTimer.h */ = {isa = PBXFileReference; fileEncoding = 4; lastKnownFileType = sourcecode.c.h; path = YYTimer.h; sourceTree = "<group>"; };
		1B704C271CF7E93F003EC3D8 /* YYTimer.m */ = {isa = PBXFileReference; fileEncoding = 4; lastKnownFileType = sourcecode.c.objc; path = YYTimer.m; sourceTree = "<group>"; };
		1B704C2A1CF7F3C4003EC3D8 /* MLeaksFinder.h */ = {isa = PBXFileReference; fileEncoding = 4; lastKnownFileType = sourcecode.c.h; path = MLeaksFinder.h; sourceTree = "<group>"; };
		1B704C2B1CF7F3C4003EC3D8 /* NSObject+MemoryLeak.h */ = {isa = PBXFileReference; fileEncoding = 4; lastKnownFileType = sourcecode.c.h; path = "NSObject+MemoryLeak.h"; sourceTree = "<group>"; };
		1B704C2C1CF7F3C4003EC3D8 /* NSObject+MemoryLeak.m */ = {isa = PBXFileReference; fileEncoding = 4; lastKnownFileType = sourcecode.c.objc; path = "NSObject+MemoryLeak.m"; sourceTree = "<group>"; };
		1B704C2D1CF7F3C4003EC3D8 /* UIApplication+MemoryLeak.h */ = {isa = PBXFileReference; fileEncoding = 4; lastKnownFileType = sourcecode.c.h; path = "UIApplication+MemoryLeak.h"; sourceTree = "<group>"; };
		1B704C2E1CF7F3C4003EC3D8 /* UIApplication+MemoryLeak.m */ = {isa = PBXFileReference; fileEncoding = 4; lastKnownFileType = sourcecode.c.objc; path = "UIApplication+MemoryLeak.m"; sourceTree = "<group>"; };
		1B704C2F1CF7F3C4003EC3D8 /* UINavigationController+MemoryLeak.h */ = {isa = PBXFileReference; fileEncoding = 4; lastKnownFileType = sourcecode.c.h; path = "UINavigationController+MemoryLeak.h"; sourceTree = "<group>"; };
		1B704C301CF7F3C4003EC3D8 /* UINavigationController+MemoryLeak.m */ = {isa = PBXFileReference; fileEncoding = 4; lastKnownFileType = sourcecode.c.objc; path = "UINavigationController+MemoryLeak.m"; sourceTree = "<group>"; };
		1B704C311CF7F3C4003EC3D8 /* UIPageViewController+MemoryLeak.h */ = {isa = PBXFileReference; fileEncoding = 4; lastKnownFileType = sourcecode.c.h; path = "UIPageViewController+MemoryLeak.h"; sourceTree = "<group>"; };
		1B704C321CF7F3C4003EC3D8 /* UIPageViewController+MemoryLeak.m */ = {isa = PBXFileReference; fileEncoding = 4; lastKnownFileType = sourcecode.c.objc; path = "UIPageViewController+MemoryLeak.m"; sourceTree = "<group>"; };
		1B704C331CF7F3C4003EC3D8 /* UISplitViewController+MemoryLeak.h */ = {isa = PBXFileReference; fileEncoding = 4; lastKnownFileType = sourcecode.c.h; path = "UISplitViewController+MemoryLeak.h"; sourceTree = "<group>"; };
		1B704C341CF7F3C4003EC3D8 /* UISplitViewController+MemoryLeak.m */ = {isa = PBXFileReference; fileEncoding = 4; lastKnownFileType = sourcecode.c.objc; path = "UISplitViewController+MemoryLeak.m"; sourceTree = "<group>"; };
		1B704C351CF7F3C4003EC3D8 /* UITabBarController+MemoryLeak.h */ = {isa = PBXFileReference; fileEncoding = 4; lastKnownFileType = sourcecode.c.h; path = "UITabBarController+MemoryLeak.h"; sourceTree = "<group>"; };
		1B704C361CF7F3C4003EC3D8 /* UITabBarController+MemoryLeak.m */ = {isa = PBXFileReference; fileEncoding = 4; lastKnownFileType = sourcecode.c.objc; path = "UITabBarController+MemoryLeak.m"; sourceTree = "<group>"; };
		1B704C371CF7F3C4003EC3D8 /* UIView+MemoryLeak.h */ = {isa = PBXFileReference; fileEncoding = 4; lastKnownFileType = sourcecode.c.h; path = "UIView+MemoryLeak.h"; sourceTree = "<group>"; };
		1B704C381CF7F3C4003EC3D8 /* UIView+MemoryLeak.m */ = {isa = PBXFileReference; fileEncoding = 4; lastKnownFileType = sourcecode.c.objc; path = "UIView+MemoryLeak.m"; sourceTree = "<group>"; };
		1B704C391CF7F3C4003EC3D8 /* UIViewController+MemoryLeak.h */ = {isa = PBXFileReference; fileEncoding = 4; lastKnownFileType = sourcecode.c.h; path = "UIViewController+MemoryLeak.h"; sourceTree = "<group>"; };
		1B704C3A1CF7F3C4003EC3D8 /* UIViewController+MemoryLeak.m */ = {isa = PBXFileReference; fileEncoding = 4; lastKnownFileType = sourcecode.c.objc; path = "UIViewController+MemoryLeak.m"; sourceTree = "<group>"; };
		1B704C431CF826B3003EC3D8 /* YelloView.h */ = {isa = PBXFileReference; fileEncoding = 4; lastKnownFileType = sourcecode.c.h; path = YelloView.h; sourceTree = "<group>"; };
		1B704C441CF826B3003EC3D8 /* YelloView.m */ = {isa = PBXFileReference; fileEncoding = 4; lastKnownFileType = sourcecode.c.objc; path = YelloView.m; sourceTree = "<group>"; };
/* End PBXFileReference section */

/* Begin PBXFrameworksBuildPhase section */
		1B704BD51CF7E16E003EC3D8 /* Frameworks */ = {
			isa = PBXFrameworksBuildPhase;
			buildActionMask = 2147483647;
			files = (
			);
			runOnlyForDeploymentPostprocessing = 0;
		};
		1B704BEE1CF7E16E003EC3D8 /* Frameworks */ = {
			isa = PBXFrameworksBuildPhase;
			buildActionMask = 2147483647;
			files = (
			);
			runOnlyForDeploymentPostprocessing = 0;
		};
/* End PBXFrameworksBuildPhase section */

/* Begin PBXGroup section */
		1B704BCF1CF7E16E003EC3D8 = {
			isa = PBXGroup;
			children = (
				1B704BDA1CF7E16E003EC3D8 /* MLeakFinderDemo */,
				1B704BF41CF7E16E003EC3D8 /* MLeakFinderDemoTests */,
				1B704BD91CF7E16E003EC3D8 /* Products */,
			);
			sourceTree = "<group>";
		};
		1B704BD91CF7E16E003EC3D8 /* Products */ = {
			isa = PBXGroup;
			children = (
				1B704BD81CF7E16E003EC3D8 /* MLeakFinderDemo.app */,
				1B704BF11CF7E16E003EC3D8 /* MLeakFinderDemoTests.xctest */,
			);
			name = Products;
			sourceTree = "<group>";
		};
		1B704BDA1CF7E16E003EC3D8 /* MLeakFinderDemo */ = {
			isa = PBXGroup;
			children = (
				1B704C291CF7F3C4003EC3D8 /* MLeaksFinder */,
				1B704C261CF7E93F003EC3D8 /* YYTimer.h */,
				1B704C271CF7E93F003EC3D8 /* YYTimer.m */,
				1B704C1A1CF7E2D0003EC3D8 /* BSTimer.h */,
				1B704C1B1CF7E2D0003EC3D8 /* BSTimer.m */,
				1B704C1C1CF7E2D0003EC3D8 /* BSTimerUtils.h */,
				1B704C1D1CF7E2D0003EC3D8 /* BSTimerUtils.m */,
				1B704BDE1CF7E16E003EC3D8 /* AppDelegate.h */,
				1B704BDF1CF7E16E003EC3D8 /* AppDelegate.m */,
				1B704BE11CF7E16E003EC3D8 /* ViewController.h */,
				1B704BE21CF7E16E003EC3D8 /* ViewController.m */,
				1B704BE41CF7E16E003EC3D8 /* Main.storyboard */,
				1B704BE71CF7E16E003EC3D8 /* Assets.xcassets */,
				1B704BE91CF7E16E003EC3D8 /* LaunchScreen.storyboard */,
				1B704BEC1CF7E16E003EC3D8 /* Info.plist */,
				1B704BDB1CF7E16E003EC3D8 /* Supporting Files */,
				1B704C201CF7E3B2003EC3D8 /* FirstViewController.h */,
				1B704C211CF7E3B2003EC3D8 /* FirstViewController.m */,
				1B704C231CF7E598003EC3D8 /* SecondViewController.h */,
				1B704C241CF7E598003EC3D8 /* SecondViewController.m */,
				1B704C431CF826B3003EC3D8 /* YelloView.h */,
				1B704C441CF826B3003EC3D8 /* YelloView.m */,
			);
			path = MLeakFinderDemo;
			sourceTree = "<group>";
		};
		1B704BDB1CF7E16E003EC3D8 /* Supporting Files */ = {
			isa = PBXGroup;
			children = (
				1B704BDC1CF7E16E003EC3D8 /* main.m */,
			);
			name = "Supporting Files";
			sourceTree = "<group>";
		};
		1B704BF41CF7E16E003EC3D8 /* MLeakFinderDemoTests */ = {
			isa = PBXGroup;
			children = (
				1B704BF51CF7E16E003EC3D8 /* MLeakFinderDemoTests.m */,
				1B704BF71CF7E16E003EC3D8 /* Info.plist */,
			);
			path = MLeakFinderDemoTests;
			sourceTree = "<group>";
		};
		1B704C291CF7F3C4003EC3D8 /* MLeaksFinder */ = {
			isa = PBXGroup;
			children = (
				1B704C2A1CF7F3C4003EC3D8 /* MLeaksFinder.h */,
				1B704C2B1CF7F3C4003EC3D8 /* NSObject+MemoryLeak.h */,
				1B704C2C1CF7F3C4003EC3D8 /* NSObject+MemoryLeak.m */,
				1B704C2D1CF7F3C4003EC3D8 /* UIApplication+MemoryLeak.h */,
				1B704C2E1CF7F3C4003EC3D8 /* UIApplication+MemoryLeak.m */,
				1B704C2F1CF7F3C4003EC3D8 /* UINavigationController+MemoryLeak.h */,
				1B704C301CF7F3C4003EC3D8 /* UINavigationController+MemoryLeak.m */,
				1B704C311CF7F3C4003EC3D8 /* UIPageViewController+MemoryLeak.h */,
				1B704C321CF7F3C4003EC3D8 /* UIPageViewController+MemoryLeak.m */,
				1B704C331CF7F3C4003EC3D8 /* UISplitViewController+MemoryLeak.h */,
				1B704C341CF7F3C4003EC3D8 /* UISplitViewController+MemoryLeak.m */,
				1B704C351CF7F3C4003EC3D8 /* UITabBarController+MemoryLeak.h */,
				1B704C361CF7F3C4003EC3D8 /* UITabBarController+MemoryLeak.m */,
				1B704C371CF7F3C4003EC3D8 /* UIView+MemoryLeak.h */,
				1B704C381CF7F3C4003EC3D8 /* UIView+MemoryLeak.m */,
				1B704C391CF7F3C4003EC3D8 /* UIViewController+MemoryLeak.h */,
				1B704C3A1CF7F3C4003EC3D8 /* UIViewController+MemoryLeak.m */,
			);
			path = MLeaksFinder;
			sourceTree = "<group>";
		};
/* End PBXGroup section */

/* Begin PBXNativeTarget section */
		1B704BD71CF7E16E003EC3D8 /* MLeakFinderDemo */ = {
			isa = PBXNativeTarget;
			buildConfigurationList = 1B704BFA1CF7E16E003EC3D8 /* Build configuration list for PBXNativeTarget "MLeakFinderDemo" */;
			buildPhases = (
				1B704BD41CF7E16E003EC3D8 /* Sources */,
				1B704BD51CF7E16E003EC3D8 /* Frameworks */,
				1B704BD61CF7E16E003EC3D8 /* Resources */,
			);
			buildRules = (
			);
			dependencies = (
			);
			name = MLeakFinderDemo;
			productName = MLeakFinderDemo;
			productReference = 1B704BD81CF7E16E003EC3D8 /* MLeakFinderDemo.app */;
			productType = "com.apple.product-type.application";
		};
		1B704BF01CF7E16E003EC3D8 /* MLeakFinderDemoTests */ = {
			isa = PBXNativeTarget;
			buildConfigurationList = 1B704BFD1CF7E16E003EC3D8 /* Build configuration list for PBXNativeTarget "MLeakFinderDemoTests" */;
			buildPhases = (
				1B704BED1CF7E16E003EC3D8 /* Sources */,
				1B704BEE1CF7E16E003EC3D8 /* Frameworks */,
				1B704BEF1CF7E16E003EC3D8 /* Resources */,
			);
			buildRules = (
			);
			dependencies = (
				1B704BF31CF7E16E003EC3D8 /* PBXTargetDependency */,
			);
			name = MLeakFinderDemoTests;
			productName = MLeakFinderDemoTests;
			productReference = 1B704BF11CF7E16E003EC3D8 /* MLeakFinderDemoTests.xctest */;
			productType = "com.apple.product-type.bundle.unit-test";
		};
/* End PBXNativeTarget section */

/* Begin PBXProject section */
		1B704BD01CF7E16E003EC3D8 /* Project object */ = {
			isa = PBXProject;
			attributes = {
				LastUpgradeCheck = 0730;
				ORGANIZATIONNAME = BP;
				TargetAttributes = {
					1B704BD71CF7E16E003EC3D8 = {
						CreatedOnToolsVersion = 7.3.1;
					};
					1B704BF01CF7E16E003EC3D8 = {
						CreatedOnToolsVersion = 7.3.1;
						TestTargetID = 1B704BD71CF7E16E003EC3D8;
					};
				};
			};
			buildConfigurationList = 1B704BD31CF7E16E003EC3D8 /* Build configuration list for PBXProject "MLeakFinderDemo" */;
			compatibilityVersion = "Xcode 3.2";
			developmentRegion = English;
			hasScannedForEncodings = 0;
			knownRegions = (
				en,
				Base,
			);
			mainGroup = 1B704BCF1CF7E16E003EC3D8;
			productRefGroup = 1B704BD91CF7E16E003EC3D8 /* Products */;
			projectDirPath = "";
			projectRoot = "";
			targets = (
				1B704BD71CF7E16E003EC3D8 /* MLeakFinderDemo */,
				1B704BF01CF7E16E003EC3D8 /* MLeakFinderDemoTests */,
			);
		};
/* End PBXProject section */

/* Begin PBXResourcesBuildPhase section */
		1B704BD61CF7E16E003EC3D8 /* Resources */ = {
			isa = PBXResourcesBuildPhase;
			buildActionMask = 2147483647;
			files = (
				1B704BEB1CF7E16E003EC3D8 /* LaunchScreen.storyboard in Resources */,
				1B704BE81CF7E16E003EC3D8 /* Assets.xcassets in Resources */,
				1B704BE61CF7E16E003EC3D8 /* Main.storyboard in Resources */,
			);
			runOnlyForDeploymentPostprocessing = 0;
		};
		1B704BEF1CF7E16E003EC3D8 /* Resources */ = {
			isa = PBXResourcesBuildPhase;
			buildActionMask = 2147483647;
			files = (
			);
			runOnlyForDeploymentPostprocessing = 0;
		};
/* End PBXResourcesBuildPhase section */

/* Begin PBXSourcesBuildPhase section */
		1B704BD41CF7E16E003EC3D8 /* Sources */ = {
			isa = PBXSourcesBuildPhase;
			buildActionMask = 2147483647;
			files = (
				1B704C411CF7F3C4003EC3D8 /* UIView+MemoryLeak.m in Sources */,
				1B704C251CF7E598003EC3D8 /* SecondViewController.m in Sources */,
				1B704C3E1CF7F3C4003EC3D8 /* UIPageViewController+MemoryLeak.m in Sources */,
				1B704C3B1CF7F3C4003EC3D8 /* NSObject+MemoryLeak.m in Sources */,
				1B704C3D1CF7F3C4003EC3D8 /* UINavigationController+MemoryLeak.m in Sources */,
				1B704BE31CF7E16E003EC3D8 /* ViewController.m in Sources */,
				1B704C421CF7F3C4003EC3D8 /* UIViewController+MemoryLeak.m in Sources */,
				1B704C1F1CF7E2D0003EC3D8 /* BSTimerUtils.m in Sources */,
				1B704C3C1CF7F3C4003EC3D8 /* UIApplication+MemoryLeak.m in Sources */,
				1B704BE01CF7E16E003EC3D8 /* AppDelegate.m in Sources */,
				1B704C221CF7E3B2003EC3D8 /* FirstViewController.m in Sources */,
				1B704C451CF826B4003EC3D8 /* YelloView.m in Sources */,
				1B704BDD1CF7E16E003EC3D8 /* main.m in Sources */,
				1B704C1E1CF7E2D0003EC3D8 /* BSTimer.m in Sources */,
				1B704C281CF7E93F003EC3D8 /* YYTimer.m in Sources */,
				1B704C3F1CF7F3C4003EC3D8 /* UISplitViewController+MemoryLeak.m in Sources */,
				1B704C401CF7F3C4003EC3D8 /* UITabBarController+MemoryLeak.m in Sources */,
			);
			runOnlyForDeploymentPostprocessing = 0;
		};
		1B704BED1CF7E16E003EC3D8 /* Sources */ = {
			isa = PBXSourcesBuildPhase;
			buildActionMask = 2147483647;
			files = (
				1B704BF61CF7E16E003EC3D8 /* MLeakFinderDemoTests.m in Sources */,
			);
			runOnlyForDeploymentPostprocessing = 0;
		};
/* End PBXSourcesBuildPhase section */

/* Begin PBXTargetDependency section */
		1B704BF31CF7E16E003EC3D8 /* PBXTargetDependency */ = {
			isa = PBXTargetDependency;
			target = 1B704BD71CF7E16E003EC3D8 /* MLeakFinderDemo */;
			targetProxy = 1B704BF21CF7E16E003EC3D8 /* PBXContainerItemProxy */;
		};
/* End PBXTargetDependency section */

/* Begin PBXVariantGroup section */
		1B704BE41CF7E16E003EC3D8 /* Main.storyboard */ = {
			isa = PBXVariantGroup;
			children = (
				1B704BE51CF7E16E003EC3D8 /* Base */,
			);
			name = Main.storyboard;
			sourceTree = "<group>";
		};
		1B704BE91CF7E16E003EC3D8 /* LaunchScreen.storyboard */ = {
			isa = PBXVariantGroup;
			children = (
				1B704BEA1CF7E16E003EC3D8 /* Base */,
			);
			name = LaunchScreen.storyboard;
			sourceTree = "<group>";
		};
/* End PBXVariantGroup section */

/* Begin XCBuildConfiguration section */
		1B704BF81CF7E16E003EC3D8 /* Debug */ = {
			isa = XCBuildConfiguration;
			buildSettings = {
				ALWAYS_SEARCH_USER_PATHS = NO;
				CLANG_ANALYZER_NONNULL = YES;
				CLANG_CXX_LANGUAGE_STANDARD = "gnu++0x";
				CLANG_CXX_LIBRARY = "libc++";
				CLANG_ENABLE_MODULES = YES;
				CLANG_ENABLE_OBJC_ARC = YES;
				CLANG_WARN_BOOL_CONVERSION = YES;
				CLANG_WARN_CONSTANT_CONVERSION = YES;
				CLANG_WARN_DIRECT_OBJC_ISA_USAGE = YES_ERROR;
				CLANG_WARN_EMPTY_BODY = YES;
				CLANG_WARN_ENUM_CONVERSION = YES;
				CLANG_WARN_INT_CONVERSION = YES;
				CLANG_WARN_OBJC_ROOT_CLASS = YES_ERROR;
				CLANG_WARN_UNREACHABLE_CODE = YES;
				CLANG_WARN__DUPLICATE_METHOD_MATCH = YES;
				"CODE_SIGN_IDENTITY[sdk=iphoneos*]" = "iPhone Developer";
				COPY_PHASE_STRIP = NO;
				DEBUG_INFORMATION_FORMAT = dwarf;
				ENABLE_STRICT_OBJC_MSGSEND = YES;
				ENABLE_TESTABILITY = YES;
				GCC_C_LANGUAGE_STANDARD = gnu99;
				GCC_DYNAMIC_NO_PIC = NO;
				GCC_NO_COMMON_BLOCKS = YES;
				GCC_OPTIMIZATION_LEVEL = 0;
				GCC_PREPROCESSOR_DEFINITIONS = (
					"DEBUG=1",
					"$(inherited)",
				);
				GCC_WARN_64_TO_32_BIT_CONVERSION = YES;
				GCC_WARN_ABOUT_RETURN_TYPE = YES_ERROR;
				GCC_WARN_UNDECLARED_SELECTOR = YES;
				GCC_WARN_UNINITIALIZED_AUTOS = YES_AGGRESSIVE;
				GCC_WARN_UNUSED_FUNCTION = YES;
				GCC_WARN_UNUSED_VARIABLE = YES;
				IPHONEOS_DEPLOYMENT_TARGET = 9.3;
				MTL_ENABLE_DEBUG_INFO = YES;
				ONLY_ACTIVE_ARCH = YES;
				SDKROOT = iphoneos;
			};
			name = Debug;
		};
		1B704BF91CF7E16E003EC3D8 /* Release */ = {
			isa = XCBuildConfiguration;
			buildSettings = {
				ALWAYS_SEARCH_USER_PATHS = NO;
				CLANG_ANALYZER_NONNULL = YES;
				CLANG_CXX_LANGUAGE_STANDARD = "gnu++0x";
				CLANG_CXX_LIBRARY = "libc++";
				CLANG_ENABLE_MODULES = YES;
				CLANG_ENABLE_OBJC_ARC = YES;
				CLANG_WARN_BOOL_CONVERSION = YES;
				CLANG_WARN_CONSTANT_CONVERSION = YES;
				CLANG_WARN_DIRECT_OBJC_ISA_USAGE = YES_ERROR;
				CLANG_WARN_EMPTY_BODY = YES;
				CLANG_WARN_ENUM_CONVERSION = YES;
				CLANG_WARN_INT_CONVERSION = YES;
				CLANG_WARN_OBJC_ROOT_CLASS = YES_ERROR;
				CLANG_WARN_UNREACHABLE_CODE = YES;
				CLANG_WARN__DUPLICATE_METHOD_MATCH = YES;
				"CODE_SIGN_IDENTITY[sdk=iphoneos*]" = "iPhone Developer";
				COPY_PHASE_STRIP = NO;
				DEBUG_INFORMATION_FORMAT = "dwarf-with-dsym";
				ENABLE_NS_ASSERTIONS = NO;
				ENABLE_STRICT_OBJC_MSGSEND = YES;
				GCC_C_LANGUAGE_STANDARD = gnu99;
				GCC_NO_COMMON_BLOCKS = YES;
				GCC_WARN_64_TO_32_BIT_CONVERSION = YES;
				GCC_WARN_ABOUT_RETURN_TYPE = YES_ERROR;
				GCC_WARN_UNDECLARED_SELECTOR = YES;
				GCC_WARN_UNINITIALIZED_AUTOS = YES_AGGRESSIVE;
				GCC_WARN_UNUSED_FUNCTION = YES;
				GCC_WARN_UNUSED_VARIABLE = YES;
				IPHONEOS_DEPLOYMENT_TARGET = 9.3;
				MTL_ENABLE_DEBUG_INFO = NO;
				SDKROOT = iphoneos;
				VALIDATE_PRODUCT = YES;
			};
			name = Release;
		};
		1B704BFB1CF7E16E003EC3D8 /* Debug */ = {
			isa = XCBuildConfiguration;
			buildSettings = {
				ASSETCATALOG_COMPILER_APPICON_NAME = AppIcon;
				INFOPLIST_FILE = MLeakFinderDemo/Info.plist;
				LD_RUNPATH_SEARCH_PATHS = "$(inherited) @executable_path/Frameworks";
				PRODUCT_BUNDLE_IDENTIFIER = com.bp.test.MLeakFinderDemo;
				PRODUCT_NAME = "$(TARGET_NAME)";
			};
			name = Debug;
		};
		1B704BFC1CF7E16E003EC3D8 /* Release */ = {
			isa = XCBuildConfiguration;
			buildSettings = {
				ASSETCATALOG_COMPILER_APPICON_NAME = AppIcon;
				INFOPLIST_FILE = MLeakFinderDemo/Info.plist;
				LD_RUNPATH_SEARCH_PATHS = "$(inherited) @executable_path/Frameworks";
				PRODUCT_BUNDLE_IDENTIFIER = com.bp.test.MLeakFinderDemo;
				PRODUCT_NAME = "$(TARGET_NAME)";
			};
			name = Release;
		};
		1B704BFE1CF7E16E003EC3D8 /* Debug */ = {
			isa = XCBuildConfiguration;
			buildSettings = {
				BUNDLE_LOADER = "$(TEST_HOST)";
				INFOPLIST_FILE = MLeakFinderDemoTests/Info.plist;
				LD_RUNPATH_SEARCH_PATHS = "$(inherited) @executable_path/Frameworks @loader_path/Frameworks";
				PRODUCT_BUNDLE_IDENTIFIER = com.bp.test.MLeakFinderDemoTests;
				PRODUCT_NAME = "$(TARGET_NAME)";
				TEST_HOST = "$(BUILT_PRODUCTS_DIR)/MLeakFinderDemo.app/MLeakFinderDemo";
			};
			name = Debug;
		};
		1B704BFF1CF7E16E003EC3D8 /* Release */ = {
			isa = XCBuildConfiguration;
			buildSettings = {
				BUNDLE_LOADER = "$(TEST_HOST)";
				INFOPLIST_FILE = MLeakFinderDemoTests/Info.plist;
				LD_RUNPATH_SEARCH_PATHS = "$(inherited) @executable_path/Frameworks @loader_path/Frameworks";
				PRODUCT_BUNDLE_IDENTIFIER = com.bp.test.MLeakFinderDemoTests;
				PRODUCT_NAME = "$(TARGET_NAME)";
				TEST_HOST = "$(BUILT_PRODUCTS_DIR)/MLeakFinderDemo.app/MLeakFinderDemo";
			};
			name = Release;
		};
/* End XCBuildConfiguration section */

/* Begin XCConfigurationList section */
		1B704BD31CF7E16E003EC3D8 /* Build configuration list for PBXProject "MLeakFinderDemo" */ = {
			isa = XCConfigurationList;
			buildConfigurations = (
				1B704BF81CF7E16E003EC3D8 /* Debug */,
				1B704BF91CF7E16E003EC3D8 /* Release */,
			);
			defaultConfigurationIsVisible = 0;
			defaultConfigurationName = Release;
		};
		1B704BFA1CF7E16E003EC3D8 /* Build configuration list for PBXNativeTarget "MLeakFinderDemo" */ = {
			isa = XCConfigurationList;
			buildConfigurations = (
				1B704BFB1CF7E16E003EC3D8 /* Debug */,
				1B704BFC1CF7E16E003EC3D8 /* Release */,
			);
			defaultConfigurationIsVisible = 0;
		};
		1B704BFD1CF7E16E003EC3D8 /* Build configuration list for PBXNativeTarget "MLeakFinderDemoTests" */ = {
			isa = XCConfigurationList;
			buildConfigurations = (
				1B704BFE1CF7E16E003EC3D8 /* Debug */,
				1B704BFF1CF7E16E003EC3D8 /* Release */,
			);
			defaultConfigurationIsVisible = 0;
		};
/* End XCConfigurationList section */
	};
	rootObject = 1B704BD01CF7E16E003EC3D8 /* Project object */;
}
